PODS:
  - AFNetworking (1.3.3)
  - AmonsulIOS (1.6.1):
    - AmonsulIOS/Reachability
    - DOUFoundation (~> 0.2)
    - GoogleAnalytics-iOS-SDK (~> 3.0.3)
    - UMeng (~> 2.2.0)
  - AmonsulIOS/Reachability (1.6.1):
    - DOUFoundation (~> 0.2)
    - GoogleAnalytics-iOS-SDK (~> 3.0.3)
    - UMeng (~> 2.2.0)
  - DoubanObjCClient (1.1.4):
    - AFNetworking (= 1.3.3)
    - DOUFoundation (~> 0.1)
  - DOUFoundation (0.2.1)
  - DOUUserManager (1.1):
    - SSKeychain (~> 1.2.1)
  - GoogleAnalytics-iOS-SDK (3.0.3)
  - SSKeychain (1.2.1)
  - UMeng (2.2.1)
  - YAUIKit (1.1.3)

DEPENDENCIES:
  - AmonsulIOS (~> 1.6.1)
  - DoubanObjCClient (~> 1.1.4)
  - DOUFoundation (~> 0.2.1)
  - DOUUserManager (~> 1.1.0)
  - YAUIKit (~> 1.1.3)

SPEC CHECKSUMS:
  AFNetworking: 61fdd49e2ffe6380378df37b3b6e70630bb9dd66
  AmonsulIOS: b983b2eb1ffe02ed53ed8ff4bb080925646cf158
  DoubanObjCClient: e0fafa221ff74c2ccd4fc66b8367077cc069554f
  DOUFoundation: ad193907e457922b3adcd596968378218e6f3fa9
  DOUUserManager: 734eceea549920772685a7c1ee870506be7eee9f
  GoogleAnalytics-iOS-SDK: 7b0e55cfe5e70d60478a7b105f15ac71e8bc373e
  SSKeychain: d18926838c2e7cd342e2a49e9f869858e49f035a
  UMeng: b1961bebd2687412643ba31b363ec8ea5374f42b
  YAUIKit: 33272053b711e6ac3dbce5c5ef0fe806a6a94eaa

COCOAPODS: 0.29.0
